
Microsoft Visual Studio Solution File, Format Version 12.00
# Visual Studio 14
VisualStudioVersion = 14.0.25420.1
MinimumVisualStudioVersion = 10.0.40219.1
Project("{2150E333-8FDC-42A3-9474-1A3956D46DE8}") = "src", "src", "{EEE6462A-E26B-4791-93FA-DB4593F275CF}"
EndProject
Project("{2150E333-8FDC-42A3-9474-1A3956D46DE8}") = "Solution Items", "Solution Items", "{7B31E303-42E0-44D1-B402-D2ED42AB99A2}"
	ProjectSection(SolutionItems) = preProject
		global.json = global.json
	EndProjectSection
EndProject
Project("{8BB2217D-0F2D-49D1-97BC-3654ED321F3B}") = "Cineplex", "src\Cineplex\Cineplex.xproj", "{E1AE7AAF-FA59-4A9D-9F9E-1838FAB24C85}"
EndProject
Global
	GlobalSection(SolutionConfigurationPlatforms) = preSolution
		Debug|Any CPU = Debug|Any CPU
		Release|Any CPU = Release|Any CPU
	EndGlobalSection
	GlobalSection(ProjectConfigurationPlatforms) = postSolution
		{E1AE7AAF-FA59-4A9D-9F9E-1838FAB24C85}.Debug|Any CPU.ActiveCfg = Debug|Any CPU
		{E1AE7AAF-FA59-4A9D-9F9E-1838FAB24C85}.Debug|Any CPU.Build.0 = Debug|Any CPU
		{E1AE7AAF-FA59-4A9D-9F9E-1838FAB24C85}.Release|Any CPU.ActiveCfg = Release|Any CPU
		{E1AE7AAF-FA59-4A9D-9F9E-1838FAB24C85}.Release|Any CPU.Build.0 = Release|Any CPU
	EndGlobalSection
	GlobalSection(SolutionProperties) = preSolution
		HideSolutionNode = FALSE
	EndGlobalSection
	GlobalSection(NestedProjects) = preSolution
		{E1AE7AAF-FA59-4A9D-9F9E-1838FAB24C85} = {EEE6462A-E26B-4791-93FA-DB4593F275CF}
	EndGlobalSection
EndGlobal
